// !$*UTF8*$!
{
	archiveVersion = 1;
	classes = {
	};
	objectVersion = 50;
	objects = {

/* Begin PBXBuildFile section */
		047846EC26A546FF00A0BC6B /* FeatureList.swift in Sources */ = {isa = PBXBuildFile; fileRef = 047846EB26A546FF00A0BC6B /* FeatureList.swift */; };
		047846ED26A546FF00A0BC6B /* FeatureList.swift in Sources */ = {isa = PBXBuildFile; fileRef = 047846EB26A546FF00A0BC6B /* FeatureList.swift */; };
		047846EF26A5489300A0BC6B /* FeatureDetail.swift in Sources */ = {isa = PBXBuildFile; fileRef = 047846EE26A5489300A0BC6B /* FeatureDetail.swift */; };
		047846F026A5489300A0BC6B /* FeatureDetail.swift in Sources */ = {isa = PBXBuildFile; fileRef = 047846EE26A5489300A0BC6B /* FeatureDetail.swift */; };
		047846F226A555FE00A0BC6B /* EditForm.swift in Sources */ = {isa = PBXBuildFile; fileRef = 047846F126A555FE00A0BC6B /* EditForm.swift */; };
		047846F326A555FE00A0BC6B /* EditForm.swift in Sources */ = {isa = PBXBuildFile; fileRef = 047846F126A555FE00A0BC6B /* EditForm.swift */; };
		0478470426A57A5D00A0BC6B /* featureDataInfo.json in Resources */ = {isa = PBXBuildFile; fileRef = 0478470326A57A5D00A0BC6B /* featureDataInfo.json */; };
		0478470526A57A5D00A0BC6B /* featureDataInfo.json in Resources */ = {isa = PBXBuildFile; fileRef = 0478470326A57A5D00A0BC6B /* featureDataInfo.json */; };
		04FE6C1826A4B8F00069CAC2 /* Tests_iOS.swift in Sources */ = {isa = PBXBuildFile; fileRef = 04FE6C1726A4B8F00069CAC2 /* Tests_iOS.swift */; };
		04FE6C2326A4B8F00069CAC2 /* Tests_macOS.swift in Sources */ = {isa = PBXBuildFile; fileRef = 04FE6C2226A4B8F00069CAC2 /* Tests_macOS.swift */; };
		04FE6C2526A4B8F00069CAC2 /* sampletestappApp.swift in Sources */ = {isa = PBXBuildFile; fileRef = 04FE6BFC26A4B8ED0069CAC2 /* sampletestappApp.swift */; };
		04FE6C2626A4B8F00069CAC2 /* sampletestappApp.swift in Sources */ = {isa = PBXBuildFile; fileRef = 04FE6BFC26A4B8ED0069CAC2 /* sampletestappApp.swift */; };
		04FE6C2726A4B8F00069CAC2 /* ContentView.swift in Sources */ = {isa = PBXBuildFile; fileRef = 04FE6BFD26A4B8ED0069CAC2 /* ContentView.swift */; };
		04FE6C2826A4B8F00069CAC2 /* ContentView.swift in Sources */ = {isa = PBXBuildFile; fileRef = 04FE6BFD26A4B8ED0069CAC2 /* ContentView.swift */; };
		04FE6C2926A4B8F00069CAC2 /* Assets.xcassets in Resources */ = {isa = PBXBuildFile; fileRef = 04FE6BFE26A4B8F00069CAC2 /* Assets.xcassets */; };
		04FE6C2A26A4B8F00069CAC2 /* Assets.xcassets in Resources */ = {isa = PBXBuildFile; fileRef = 04FE6BFE26A4B8F00069CAC2 /* Assets.xcassets */; };
		04FE6C3D26A4BF0A0069CAC2 /* Feature.swift in Sources */ = {isa = PBXBuildFile; fileRef = 04FE6C3C26A4BF0A0069CAC2 /* Feature.swift */; };
		04FE6C3E26A4BF0A0069CAC2 /* Feature.swift in Sources */ = {isa = PBXBuildFile; fileRef = 04FE6C3C26A4BF0A0069CAC2 /* Feature.swift */; };
		04FE6C5A26A4C3180069CAC2 /* FeatureRow.swift in Sources */ = {isa = PBXBuildFile; fileRef = 04FE6C5926A4C3180069CAC2 /* FeatureRow.swift */; };
		04FE6C5B26A4C3180069CAC2 /* FeatureRow.swift in Sources */ = {isa = PBXBuildFile; fileRef = 04FE6C5926A4C3180069CAC2 /* FeatureRow.swift */; };
		04FE6C5D26A4C4160069CAC2 /* ModelData.swift in Sources */ = {isa = PBXBuildFile; fileRef = 04FE6C5C26A4C4160069CAC2 /* ModelData.swift */; };
		04FE6C5E26A4C4160069CAC2 /* ModelData.swift in Sources */ = {isa = PBXBuildFile; fileRef = 04FE6C5C26A4C4160069CAC2 /* ModelData.swift */; };
/* End PBXBuildFile section */

/* Begin PBXContainerItemProxy section */
		04FE6C1426A4B8F00069CAC2 /* PBXContainerItemProxy */ = {
			isa = PBXContainerItemProxy;
			containerPortal = 04FE6BF726A4B8EC0069CAC2 /* Project object */;
			proxyType = 1;
			remoteGlobalIDString = 04FE6C0226A4B8F00069CAC2;
			remoteInfo = "sampletestapp (iOS)";
		};
		04FE6C1F26A4B8F00069CAC2 /* PBXContainerItemProxy */ = {
			isa = PBXContainerItemProxy;
			containerPortal = 04FE6BF726A4B8EC0069CAC2 /* Project object */;
			proxyType = 1;
			remoteGlobalIDString = 04FE6C0A26A4B8F00069CAC2;
			remoteInfo = "sampletestapp (macOS)";
		};
/* End PBXContainerItemProxy section */

/* Begin PBXFileReference section */
		047846EB26A546FF00A0BC6B /* FeatureList.swift */ = {isa = PBXFileReference; lastKnownFileType = sourcecode.swift; path = FeatureList.swift; sourceTree = "<group>"; };
		047846EE26A5489300A0BC6B /* FeatureDetail.swift */ = {isa = PBXFileReference; lastKnownFileType = sourcecode.swift; path = FeatureDetail.swift; sourceTree = "<group>"; };
		047846F126A555FE00A0BC6B /* EditForm.swift */ = {isa = PBXFileReference; lastKnownFileType = sourcecode.swift; path = EditForm.swift; sourceTree = "<group>"; };
		0478470326A57A5D00A0BC6B /* featureDataInfo.json */ = {isa = PBXFileReference; fileEncoding = 4; lastKnownFileType = text.json; path = featureDataInfo.json; sourceTree = "<group>"; };
		04FE6BFC26A4B8ED0069CAC2 /* sampletestappApp.swift */ = {isa = PBXFileReference; lastKnownFileType = sourcecode.swift; path = sampletestappApp.swift; sourceTree = "<group>"; };
		04FE6BFD26A4B8ED0069CAC2 /* ContentView.swift */ = {isa = PBXFileReference; lastKnownFileType = sourcecode.swift; path = ContentView.swift; sourceTree = "<group>"; };
		04FE6BFE26A4B8F00069CAC2 /* Assets.xcassets */ = {isa = PBXFileReference; lastKnownFileType = folder.assetcatalog; path = Assets.xcassets; sourceTree = "<group>"; };
		04FE6C0326A4B8F00069CAC2 /* sampletestapp.app */ = {isa = PBXFileReference; explicitFileType = wrapper.application; includeInIndex = 0; path = sampletestapp.app; sourceTree = BUILT_PRODUCTS_DIR; };
		04FE6C0626A4B8F00069CAC2 /* Info.plist */ = {isa = PBXFileReference; lastKnownFileType = text.plist.xml; path = Info.plist; sourceTree = "<group>"; };
		04FE6C0B26A4B8F00069CAC2 /* sampletestapp.app */ = {isa = PBXFileReference; explicitFileType = wrapper.application; includeInIndex = 0; path = sampletestapp.app; sourceTree = BUILT_PRODUCTS_DIR; };
		04FE6C0D26A4B8F00069CAC2 /* Info.plist */ = {isa = PBXFileReference; lastKnownFileType = text.plist.xml; path = Info.plist; sourceTree = "<group>"; };
		04FE6C0E26A4B8F00069CAC2 /* macOS.entitlements */ = {isa = PBXFileReference; lastKnownFileType = text.plist.entitlements; path = macOS.entitlements; sourceTree = "<group>"; };
		04FE6C1326A4B8F00069CAC2 /* Tests iOS.xctest */ = {isa = PBXFileReference; explicitFileType = wrapper.cfbundle; includeInIndex = 0; path = "Tests iOS.xctest"; sourceTree = BUILT_PRODUCTS_DIR; };
		04FE6C1726A4B8F00069CAC2 /* Tests_iOS.swift */ = {isa = PBXFileReference; lastKnownFileType = sourcecode.swift; path = Tests_iOS.swift; sourceTree = "<group>"; };
		04FE6C1926A4B8F00069CAC2 /* Info.plist */ = {isa = PBXFileReference; lastKnownFileType = text.plist.xml; path = Info.plist; sourceTree = "<group>"; };
		04FE6C1E26A4B8F00069CAC2 /* Tests macOS.xctest */ = {isa = PBXFileReference; explicitFileType = wrapper.cfbundle; includeInIndex = 0; path = "Tests macOS.xctest"; sourceTree = BUILT_PRODUCTS_DIR; };
		04FE6C2226A4B8F00069CAC2 /* Tests_macOS.swift */ = {isa = PBXFileReference; lastKnownFileType = sourcecode.swift; path = Tests_macOS.swift; sourceTree = "<group>"; };
		04FE6C2426A4B8F00069CAC2 /* Info.plist */ = {isa = PBXFileReference; lastKnownFileType = text.plist.xml; path = Info.plist; sourceTree = "<group>"; };
		04FE6C3C26A4BF0A0069CAC2 /* Feature.swift */ = {isa = PBXFileReference; lastKnownFileType = sourcecode.swift; path = Feature.swift; sourceTree = "<group>"; };
		04FE6C5926A4C3180069CAC2 /* FeatureRow.swift */ = {isa = PBXFileReference; lastKnownFileType = sourcecode.swift; path = FeatureRow.swift; sourceTree = "<group>"; };
		04FE6C5C26A4C4160069CAC2 /* ModelData.swift */ = {isa = PBXFileReference; lastKnownFileType = sourcecode.swift; path = ModelData.swift; sourceTree = "<group>"; };
/* End PBXFileReference section */

/* Begin PBXFrameworksBuildPhase section */
		04FE6C0026A4B8F00069CAC2 /* Frameworks */ = {
			isa = PBXFrameworksBuildPhase;
			buildActionMask = 2147483647;
			files = (
			);
			runOnlyForDeploymentPostprocessing = 0;
		};
		04FE6C0826A4B8F00069CAC2 /* Frameworks */ = {
			isa = PBXFrameworksBuildPhase;
			buildActionMask = 2147483647;
			files = (
			);
			runOnlyForDeploymentPostprocessing = 0;
		};
		04FE6C1026A4B8F00069CAC2 /* Frameworks */ = {
			isa = PBXFrameworksBuildPhase;
			buildActionMask = 2147483647;
			files = (
			);
			runOnlyForDeploymentPostprocessing = 0;
		};
		04FE6C1B26A4B8F00069CAC2 /* Frameworks */ = {
			isa = PBXFrameworksBuildPhase;
			buildActionMask = 2147483647;
			files = (
			);
			runOnlyForDeploymentPostprocessing = 0;
		};
/* End PBXFrameworksBuildPhase section */

/* Begin PBXGroup section */
		047B550B26A4CF3900A2D3EB /* Model */ = {
			isa = PBXGroup;
			children = (
				04FE6C5C26A4C4160069CAC2 /* ModelData.swift */,
				04FE6C3C26A4BF0A0069CAC2 /* Feature.swift */,
			);
			path = Model;
			sourceTree = "<group>";
		};
		04FE6BF626A4B8EC0069CAC2 = {
			isa = PBXGroup;
			children = (
				04FE6BFB26A4B8ED0069CAC2 /* Shared */,
				04FE6C0526A4B8F00069CAC2 /* iOS */,
				04FE6C0C26A4B8F00069CAC2 /* macOS */,
				04FE6C1626A4B8F00069CAC2 /* Tests iOS */,
				04FE6C2126A4B8F00069CAC2 /* Tests macOS */,
				04FE6C0426A4B8F00069CAC2 /* Products */,
			);
			sourceTree = "<group>";
		};
		04FE6BFB26A4B8ED0069CAC2 /* Shared */ = {
			isa = PBXGroup;
			children = (
				047B550B26A4CF3900A2D3EB /* Model */,
				04FE6C5F26A4C4640069CAC2 /* Resources */,
				04FE6C5826A4C2EB0069CAC2 /* Views */,
				04FE6BFC26A4B8ED0069CAC2 /* sampletestappApp.swift */,
				04FE6BFE26A4B8F00069CAC2 /* Assets.xcassets */,
			);
			path = Shared;
			sourceTree = "<group>";
		};
		04FE6C0426A4B8F00069CAC2 /* Products */ = {
			isa = PBXGroup;
			children = (
				04FE6C0326A4B8F00069CAC2 /* sampletestapp.app */,
				04FE6C0B26A4B8F00069CAC2 /* sampletestapp.app */,
				04FE6C1326A4B8F00069CAC2 /* Tests iOS.xctest */,
				04FE6C1E26A4B8F00069CAC2 /* Tests macOS.xctest */,
			);
			name = Products;
			sourceTree = "<group>";
		};
		04FE6C0526A4B8F00069CAC2 /* iOS */ = {
			isa = PBXGroup;
			children = (
				04FE6C0626A4B8F00069CAC2 /* Info.plist */,
			);
			path = iOS;
			sourceTree = "<group>";
		};
		04FE6C0C26A4B8F00069CAC2 /* macOS */ = {
			isa = PBXGroup;
			children = (
				04FE6C0D26A4B8F00069CAC2 /* Info.plist */,
				04FE6C0E26A4B8F00069CAC2 /* macOS.entitlements */,
			);
			path = macOS;
			sourceTree = "<group>";
		};
		04FE6C1626A4B8F00069CAC2 /* Tests iOS */ = {
			isa = PBXGroup;
			children = (
				04FE6C1726A4B8F00069CAC2 /* Tests_iOS.swift */,
				04FE6C1926A4B8F00069CAC2 /* Info.plist */,
			);
			path = "Tests iOS";
			sourceTree = "<group>";
		};
		04FE6C2126A4B8F00069CAC2 /* Tests macOS */ = {
			isa = PBXGroup;
			children = (
				04FE6C2226A4B8F00069CAC2 /* Tests_macOS.swift */,
				04FE6C2426A4B8F00069CAC2 /* Info.plist */,
			);
			path = "Tests macOS";
			sourceTree = "<group>";
		};
		04FE6C5826A4C2EB0069CAC2 /* Views */ = {
			isa = PBXGroup;
			children = (
				04FE6BFD26A4B8ED0069CAC2 /* ContentView.swift */,
				04FE6C5926A4C3180069CAC2 /* FeatureRow.swift */,
				047846EB26A546FF00A0BC6B /* FeatureList.swift */,
				047846EE26A5489300A0BC6B /* FeatureDetail.swift */,
				047846F126A555FE00A0BC6B /* EditForm.swift */,
			);
			path = Views;
			sourceTree = "<group>";
		};
		04FE6C5F26A4C4640069CAC2 /* Resources */ = {
			isa = PBXGroup;
			children = (
				0478470326A57A5D00A0BC6B /* featureDataInfo.json */,
			);
			path = Resources;
			sourceTree = "<group>";
		};
/* End PBXGroup section */

/* Begin PBXNativeTarget section */
		04FE6C0226A4B8F00069CAC2 /* sampletestapp (iOS) */ = {
			isa = PBXNativeTarget;
			buildConfigurationList = 04FE6C2D26A4B8F00069CAC2 /* Build configuration list for PBXNativeTarget "sampletestapp (iOS)" */;
			buildPhases = (
				04FE6BFF26A4B8F00069CAC2 /* Sources */,
				04FE6C0026A4B8F00069CAC2 /* Frameworks */,
				04FE6C0126A4B8F00069CAC2 /* Resources */,
			);
			buildRules = (
			);
			dependencies = (
			);
			name = "sampletestapp (iOS)";
			productName = "sampletestapp (iOS)";
			productReference = 04FE6C0326A4B8F00069CAC2 /* sampletestapp.app */;
			productType = "com.apple.product-type.application";
		};
		04FE6C0A26A4B8F00069CAC2 /* sampletestapp (macOS) */ = {
			isa = PBXNativeTarget;
			buildConfigurationList = 04FE6C3026A4B8F00069CAC2 /* Build configuration list for PBXNativeTarget "sampletestapp (macOS)" */;
			buildPhases = (
				04FE6C0726A4B8F00069CAC2 /* Sources */,
				04FE6C0826A4B8F00069CAC2 /* Frameworks */,
				04FE6C0926A4B8F00069CAC2 /* Resources */,
			);
			buildRules = (
			);
			dependencies = (
			);
			name = "sampletestapp (macOS)";
			productName = "sampletestapp (macOS)";
			productReference = 04FE6C0B26A4B8F00069CAC2 /* sampletestapp.app */;
			productType = "com.apple.product-type.application";
		};
		04FE6C1226A4B8F00069CAC2 /* Tests iOS */ = {
			isa = PBXNativeTarget;
			buildConfigurationList = 04FE6C3326A4B8F00069CAC2 /* Build configuration list for PBXNativeTarget "Tests iOS" */;
			buildPhases = (
				04FE6C0F26A4B8F00069CAC2 /* Sources */,
				04FE6C1026A4B8F00069CAC2 /* Frameworks */,
				04FE6C1126A4B8F00069CAC2 /* Resources */,
			);
			buildRules = (
			);
			dependencies = (
				04FE6C1526A4B8F00069CAC2 /* PBXTargetDependency */,
			);
			name = "Tests iOS";
			productName = "Tests iOS";
			productReference = 04FE6C1326A4B8F00069CAC2 /* Tests iOS.xctest */;
			productType = "com.apple.product-type.bundle.ui-testing";
		};
		04FE6C1D26A4B8F00069CAC2 /* Tests macOS */ = {
			isa = PBXNativeTarget;
			buildConfigurationList = 04FE6C3626A4B8F00069CAC2 /* Build configuration list for PBXNativeTarget "Tests macOS" */;
			buildPhases = (
				04FE6C1A26A4B8F00069CAC2 /* Sources */,
				04FE6C1B26A4B8F00069CAC2 /* Frameworks */,
				04FE6C1C26A4B8F00069CAC2 /* Resources */,
			);
			buildRules = (
			);
			dependencies = (
				04FE6C2026A4B8F00069CAC2 /* PBXTargetDependency */,
			);
			name = "Tests macOS";
			productName = "Tests macOS";
			productReference = 04FE6C1E26A4B8F00069CAC2 /* Tests macOS.xctest */;
			productType = "com.apple.product-type.bundle.ui-testing";
		};
/* End PBXNativeTarget section */

/* Begin PBXProject section */
		04FE6BF726A4B8EC0069CAC2 /* Project object */ = {
			isa = PBXProject;
			attributes = {
				LastSwiftUpdateCheck = 1250;
				LastUpgradeCheck = 1250;
				TargetAttributes = {
					04FE6C0226A4B8F00069CAC2 = {
						CreatedOnToolsVersion = 12.5.1;
					};
					04FE6C0A26A4B8F00069CAC2 = {
						CreatedOnToolsVersion = 12.5.1;
					};
					04FE6C1226A4B8F00069CAC2 = {
						CreatedOnToolsVersion = 12.5.1;
						TestTargetID = 04FE6C0226A4B8F00069CAC2;
					};
					04FE6C1D26A4B8F00069CAC2 = {
						CreatedOnToolsVersion = 12.5.1;
						TestTargetID = 04FE6C0A26A4B8F00069CAC2;
					};
				};
			};
			buildConfigurationList = 04FE6BFA26A4B8EC0069CAC2 /* Build configuration list for PBXProject "sampletestapp" */;
			compatibilityVersion = "Xcode 9.3";
			developmentRegion = en;
			hasScannedForEncodings = 0;
			knownRegions = (
				en,
				Base,
			);
			mainGroup = 04FE6BF626A4B8EC0069CAC2;
			productRefGroup = 04FE6C0426A4B8F00069CAC2 /* Products */;
			projectDirPath = "";
			projectRoot = "";
			targets = (
				04FE6C0226A4B8F00069CAC2 /* sampletestapp (iOS) */,
				04FE6C0A26A4B8F00069CAC2 /* sampletestapp (macOS) */,
				04FE6C1226A4B8F00069CAC2 /* Tests iOS */,
				04FE6C1D26A4B8F00069CAC2 /* Tests macOS */,
			);
		};
/* End PBXProject section */

/* Begin PBXResourcesBuildPhase section */
		04FE6C0126A4B8F00069CAC2 /* Resources */ = {
			isa = PBXResourcesBuildPhase;
			buildActionMask = 2147483647;
			files = (
				0478470426A57A5D00A0BC6B /* featureDataInfo.json in Resources */,
				04FE6C2926A4B8F00069CAC2 /* Assets.xcassets in Resources */,
			);
			runOnlyForDeploymentPostprocessing = 0;
		};
		04FE6C0926A4B8F00069CAC2 /* Resources */ = {
			isa = PBXResourcesBuildPhase;
			buildActionMask = 2147483647;
			files = (
				0478470526A57A5D00A0BC6B /* featureDataInfo.json in Resources */,
				04FE6C2A26A4B8F00069CAC2 /* Assets.xcassets in Resources */,
			);
			runOnlyForDeploymentPostprocessing = 0;
		};
		04FE6C1126A4B8F00069CAC2 /* Resources */ = {
			isa = PBXResourcesBuildPhase;
			buildActionMask = 2147483647;
			files = (
			);
			runOnlyForDeploymentPostprocessing = 0;
		};
		04FE6C1C26A4B8F00069CAC2 /* Resources */ = {
			isa = PBXResourcesBuildPhase;
			buildActionMask = 2147483647;
			files = (
			);
			runOnlyForDeploymentPostprocessing = 0;
		};
/* End PBXResourcesBuildPhase section */

/* Begin PBXSourcesBuildPhase section */
		04FE6BFF26A4B8F00069CAC2 /* Sources */ = {
			isa = PBXSourcesBuildPhase;
			buildActionMask = 2147483647;
			files = (
				04FE6C2726A4B8F00069CAC2 /* ContentView.swift in Sources */,
				04FE6C2526A4B8F00069CAC2 /* sampletestappApp.swift in Sources */,
				047846EF26A5489300A0BC6B /* FeatureDetail.swift in Sources */,
				047846F226A555FE00A0BC6B /* EditForm.swift in Sources */,
				047846EC26A546FF00A0BC6B /* FeatureList.swift in Sources */,
				04FE6C5D26A4C4160069CAC2 /* ModelData.swift in Sources */,
				04FE6C3D26A4BF0A0069CAC2 /* Feature.swift in Sources */,
				04FE6C5A26A4C3180069CAC2 /* FeatureRow.swift in Sources */,
			);
			runOnlyForDeploymentPostprocessing = 0;
		};
		04FE6C0726A4B8F00069CAC2 /* Sources */ = {
			isa = PBXSourcesBuildPhase;
			buildActionMask = 2147483647;
			files = (
				04FE6C2826A4B8F00069CAC2 /* ContentView.swift in Sources */,
				04FE6C2626A4B8F00069CAC2 /* sampletestappApp.swift in Sources */,
				047846F026A5489300A0BC6B /* FeatureDetail.swift in Sources */,
				047846F326A555FE00A0BC6B /* EditForm.swift in Sources */,
				047846ED26A546FF00A0BC6B /* FeatureList.swift in Sources */,
				04FE6C5E26A4C4160069CAC2 /* ModelData.swift in Sources */,
				04FE6C3E26A4BF0A0069CAC2 /* Feature.swift in Sources */,
				04FE6C5B26A4C3180069CAC2 /* FeatureRow.swift in Sources */,
			);
			runOnlyForDeploymentPostprocessing = 0;
		};
		04FE6C0F26A4B8F00069CAC2 /* Sources */ = {
			isa = PBXSourcesBuildPhase;
			buildActionMask = 2147483647;
			files = (
				04FE6C1826A4B8F00069CAC2 /* Tests_iOS.swift in Sources */,
			);
			runOnlyForDeploymentPostprocessing = 0;
		};
		04FE6C1A26A4B8F00069CAC2 /* Sources */ = {
			isa = PBXSourcesBuildPhase;
			buildActionMask = 2147483647;
			files = (
				04FE6C2326A4B8F00069CAC2 /* Tests_macOS.swift in Sources */,
			);
			runOnlyForDeploymentPostprocessing = 0;
		};
/* End PBXSourcesBuildPhase section */

/* Begin PBXTargetDependency section */
		04FE6C1526A4B8F00069CAC2 /* PBXTargetDependency */ = {
			isa = PBXTargetDependency;
			target = 04FE6C0226A4B8F00069CAC2 /* sampletestapp (iOS) */;
			targetProxy = 04FE6C1426A4B8F00069CAC2 /* PBXContainerItemProxy */;
		};
		04FE6C2026A4B8F00069CAC2 /* PBXTargetDependency */ = {
			isa = PBXTargetDependency;
			target = 04FE6C0A26A4B8F00069CAC2 /* sampletestapp (macOS) */;
			targetProxy = 04FE6C1F26A4B8F00069CAC2 /* PBXContainerItemProxy */;
		};
/* End PBXTargetDependency section */

/* Begin XCBuildConfiguration section */
		04FE6C2B26A4B8F00069CAC2 /* Debug */ = {
			isa = XCBuildConfiguration;
			buildSettings = {
				ALWAYS_SEARCH_USER_PATHS = NO;
				CLANG_ANALYZER_NONNULL = YES;
				CLANG_ANALYZER_NUMBER_OBJECT_CONVERSION = YES_AGGRESSIVE;
				CLANG_CXX_LANGUAGE_STANDARD = "gnu++14";
				CLANG_CXX_LIBRARY = "libc++";
				CLANG_ENABLE_MODULES = YES;
				CLANG_ENABLE_OBJC_ARC = YES;
				CLANG_ENABLE_OBJC_WEAK = YES;
				CLANG_WARN_BLOCK_CAPTURE_AUTORELEASING = YES;
				CLANG_WARN_BOOL_CONVERSION = YES;
				CLANG_WARN_COMMA = YES;
				CLANG_WARN_CONSTANT_CONVERSION = YES;
				CLANG_WARN_DEPRECATED_OBJC_IMPLEMENTATIONS = YES;
				CLANG_WARN_DIRECT_OBJC_ISA_USAGE = YES_ERROR;
				CLANG_WARN_DOCUMENTATION_COMMENTS = YES;
				CLANG_WARN_EMPTY_BODY = YES;
				CLANG_WARN_ENUM_CONVERSION = YES;
				CLANG_WARN_INFINITE_RECURSION = YES;
				CLANG_WARN_INT_CONVERSION = YES;
				CLANG_WARN_NON_LITERAL_NULL_CONVERSION = YES;
				CLANG_WARN_OBJC_IMPLICIT_RETAIN_SELF = YES;
				CLANG_WARN_OBJC_LITERAL_CONVERSION = YES;
				CLANG_WARN_OBJC_ROOT_CLASS = YES_ERROR;
				CLANG_WARN_QUOTED_INCLUDE_IN_FRAMEWORK_HEADER = YES;
				CLANG_WARN_RANGE_LOOP_ANALYSIS = YES;
				CLANG_WARN_STRICT_PROTOTYPES = YES;
				CLANG_WARN_SUSPICIOUS_MOVE = YES;
				CLANG_WARN_UNGUARDED_AVAILABILITY = YES_AGGRESSIVE;
				CLANG_WARN_UNREACHABLE_CODE = YES;
				CLANG_WARN__DUPLICATE_METHOD_MATCH = YES;
				COPY_PHASE_STRIP = NO;
				DEBUG_INFORMATION_FORMAT = dwarf;
				ENABLE_STRICT_OBJC_MSGSEND = YES;
				ENABLE_TESTABILITY = YES;
				GCC_C_LANGUAGE_STANDARD = gnu11;
				GCC_DYNAMIC_NO_PIC = NO;
				GCC_NO_COMMON_BLOCKS = YES;
				GCC_OPTIMIZATION_LEVEL = 0;
				GCC_PREPROCESSOR_DEFINITIONS = (
					"DEBUG=1",
					"$(inherited)",
				);
				GCC_WARN_64_TO_32_BIT_CONVERSION = YES;
				GCC_WARN_ABOUT_RETURN_TYPE = YES_ERROR;
				GCC_WARN_UNDECLARED_SELECTOR = YES;
				GCC_WARN_UNINITIALIZED_AUTOS = YES_AGGRESSIVE;
				GCC_WARN_UNUSED_FUNCTION = YES;
				GCC_WARN_UNUSED_VARIABLE = YES;
				MTL_ENABLE_DEBUG_INFO = INCLUDE_SOURCE;
				MTL_FAST_MATH = YES;
				ONLY_ACTIVE_ARCH = YES;
				SWIFT_ACTIVE_COMPILATION_CONDITIONS = DEBUG;
				SWIFT_OPTIMIZATION_LEVEL = "-Onone";
			};
			name = Debug;
		};
		04FE6C2C26A4B8F00069CAC2 /* Release */ = {
			isa = XCBuildConfiguration;
			buildSettings = {
				ALWAYS_SEARCH_USER_PATHS = NO;
				CLANG_ANALYZER_NONNULL = YES;
				CLANG_ANALYZER_NUMBER_OBJECT_CONVERSION = YES_AGGRESSIVE;
				CLANG_CXX_LANGUAGE_STANDARD = "gnu++14";
				CLANG_CXX_LIBRARY = "libc++";
				CLANG_ENABLE_MODULES = YES;
				CLANG_ENABLE_OBJC_ARC = YES;
				CLANG_ENABLE_OBJC_WEAK = YES;
				CLANG_WARN_BLOCK_CAPTURE_AUTORELEASING = YES;
				CLANG_WARN_BOOL_CONVERSION = YES;
				CLANG_WARN_COMMA = YES;
				CLANG_WARN_CONSTANT_CONVERSION = YES;
				CLANG_WARN_DEPRECATED_OBJC_IMPLEMENTATIONS = YES;
				CLANG_WARN_DIRECT_OBJC_ISA_USAGE = YES_ERROR;
				CLANG_WARN_DOCUMENTATION_COMMENTS = YES;
				CLANG_WARN_EMPTY_BODY = YES;
				CLANG_WARN_ENUM_CONVERSION = YES;
				CLANG_WARN_INFINITE_RECURSION = YES;
				CLANG_WARN_INT_CONVERSION = YES;
				CLANG_WARN_NON_LITERAL_NULL_CONVERSION = YES;
				CLANG_WARN_OBJC_IMPLICIT_RETAIN_SELF = YES;
				CLANG_WARN_OBJC_LITERAL_CONVERSION = YES;
				CLANG_WARN_OBJC_ROOT_CLASS = YES_ERROR;
				CLANG_WARN_QUOTED_INCLUDE_IN_FRAMEWORK_HEADER = YES;
				CLANG_WARN_RANGE_LOOP_ANALYSIS = YES;
				CLANG_WARN_STRICT_PROTOTYPES = YES;
				CLANG_WARN_SUSPICIOUS_MOVE = YES;
				CLANG_WARN_UNGUARDED_AVAILABILITY = YES_AGGRESSIVE;
				CLANG_WARN_UNREACHABLE_CODE = YES;
				CLANG_WARN__DUPLICATE_METHOD_MATCH = YES;
				COPY_PHASE_STRIP = NO;
				DEBUG_INFORMATION_FORMAT = "dwarf-with-dsym";
				ENABLE_NS_ASSERTIONS = NO;
				ENABLE_STRICT_OBJC_MSGSEND = YES;
				GCC_C_LANGUAGE_STANDARD = gnu11;
				GCC_NO_COMMON_BLOCKS = YES;
				GCC_WARN_64_TO_32_BIT_CONVERSION = YES;
				GCC_WARN_ABOUT_RETURN_TYPE = YES_ERROR;
				GCC_WARN_UNDECLARED_SELECTOR = YES;
				GCC_WARN_UNINITIALIZED_AUTOS = YES_AGGRESSIVE;
				GCC_WARN_UNUSED_FUNCTION = YES;
				GCC_WARN_UNUSED_VARIABLE = YES;
				MTL_ENABLE_DEBUG_INFO = NO;
				MTL_FAST_MATH = YES;
				SWIFT_COMPILATION_MODE = wholemodule;
				SWIFT_OPTIMIZATION_LEVEL = "-O";
			};
			name = Release;
		};
		04FE6C2E26A4B8F00069CAC2 /* Debug */ = {
			isa = XCBuildConfiguration;
			buildSettings = {
				ASSETCATALOG_COMPILER_APPICON_NAME = AppIcon;
				ASSETCATALOG_COMPILER_GLOBAL_ACCENT_COLOR_NAME = AccentColor;
				CODE_SIGN_STYLE = Automatic;
				ENABLE_PREVIEWS = YES;
				INFOPLIST_FILE = iOS/Info.plist;
				IPHONEOS_DEPLOYMENT_TARGET = 14.0;
				LD_RUNPATH_SEARCH_PATHS = (
					"$(inherited)",
					"@executable_path/Frameworks",
				);
				PRODUCT_BUNDLE_IDENTIFIER = hopin.sampletestapp;
				PRODUCT_NAME = sampletestapp;
				SDKROOT = iphoneos;
				SWIFT_VERSION = 5.0;
				TARGETED_DEVICE_FAMILY = "1,2";
			};
			name = Debug;
		};
		04FE6C2F26A4B8F00069CAC2 /* Release */ = {
			isa = XCBuildConfiguration;
			buildSettings = {
				ASSETCATALOG_COMPILER_APPICON_NAME = AppIcon;
				ASSETCATALOG_COMPILER_GLOBAL_ACCENT_COLOR_NAME = AccentColor;
				CODE_SIGN_STYLE = Automatic;
				ENABLE_PREVIEWS = YES;
				INFOPLIST_FILE = iOS/Info.plist;
				IPHONEOS_DEPLOYMENT_TARGET = 14.0;
				LD_RUNPATH_SEARCH_PATHS = (
					"$(inherited)",
					"@executable_path/Frameworks",
				);
				PRODUCT_BUNDLE_IDENTIFIER = hopin.sampletestapp;
				PRODUCT_NAME = sampletestapp;
				SDKROOT = iphoneos;
				SWIFT_VERSION = 5.0;
				TARGETED_DEVICE_FAMILY = "1,2";
				VALIDATE_PRODUCT = YES;
			};
			name = Release;
		};
		04FE6C3126A4B8F00069CAC2 /* Debug */ = {
			isa = XCBuildConfiguration;
			buildSettings = {
				ASSETCATALOG_COMPILER_APPICON_NAME = AppIcon;
				ASSETCATALOG_COMPILER_GLOBAL_ACCENT_COLOR_NAME = AccentColor;
				CODE_SIGN_ENTITLEMENTS = macOS/macOS.entitlements;
				CODE_SIGN_STYLE = Automatic;
				COMBINE_HIDPI_IMAGES = YES;
				ENABLE_PREVIEWS = YES;
				INFOPLIST_FILE = macOS/Info.plist;
				LD_RUNPATH_SEARCH_PATHS = (
					"$(inherited)",
					"@executable_path/../Frameworks",
				);
				MACOSX_DEPLOYMENT_TARGET = 11.0;
				PRODUCT_BUNDLE_IDENTIFIER = hopin.sampletestapp;
				PRODUCT_NAME = sampletestapp;
				SDKROOT = macosx;
				SWIFT_VERSION = 5.0;
			};
			name = Debug;
		};
		04FE6C3226A4B8F00069CAC2 /* Release */ = {
			isa = XCBuildConfiguration;
			buildSettings = {
				ASSETCATALOG_COMPILER_APPICON_NAME = AppIcon;
				ASSETCATALOG_COMPILER_GLOBAL_ACCENT_COLOR_NAME = AccentColor;
				CODE_SIGN_ENTITLEMENTS = macOS/macOS.entitlements;
				CODE_SIGN_STYLE = Automatic;
				COMBINE_HIDPI_IMAGES = YES;
				ENABLE_PREVIEWS = YES;
				INFOPLIST_FILE = macOS/Info.plist;
				LD_RUNPATH_SEARCH_PATHS = (
					"$(inherited)",
					"@executable_path/../Frameworks",
				);
				MACOSX_DEPLOYMENT_TARGET = 11.0;
				PRODUCT_BUNDLE_IDENTIFIER = hopin.sampletestapp;
				PRODUCT_NAME = sampletestapp;
				SDKROOT = macosx;
				SWIFT_VERSION = 5.0;
			};
			name = Release;
		};
		04FE6C3426A4B8F00069CAC2 /* Debug */ = {
			isa = XCBuildConfiguration;
			buildSettings = {
				ALWAYS_EMBED_SWIFT_STANDARD_LIBRARIES = YES;
				CODE_SIGN_STYLE = Automatic;
				INFOPLIST_FILE = "Tests iOS/Info.plist";
				IPHONEOS_DEPLOYMENT_TARGET = 14.5;
				LD_RUNPATH_SEARCH_PATHS = (
					"$(inherited)",
					"@executable_path/Frameworks",
					"@loader_path/Frameworks",
				);
				PRODUCT_BUNDLE_IDENTIFIER = "hopin.Tests-iOS";
				PRODUCT_NAME = "$(TARGET_NAME)";
				SDKROOT = iphoneos;
				SWIFT_VERSION = 5.0;
				TARGETED_DEVICE_FAMILY = "1,2";
				TEST_TARGET_NAME = "sampletestapp (iOS)";
			};
			name = Debug;
		};
		04FE6C3526A4B8F00069CAC2 /* Release */ = {
			isa = XCBuildConfiguration;
			buildSettings = {
				ALWAYS_EMBED_SWIFT_STANDARD_LIBRARIES = YES;
				CODE_SIGN_STYLE = Automatic;
				INFOPLIST_FILE = "Tests iOS/Info.plist";
				IPHONEOS_DEPLOYMENT_TARGET = 14.5;
				LD_RUNPATH_SEARCH_PATHS = (
					"$(inherited)",
					"@executable_path/Frameworks",
					"@loader_path/Frameworks",
				);
				PRODUCT_BUNDLE_IDENTIFIER = "hopin.Tests-iOS";
				PRODUCT_NAME = "$(TARGET_NAME)";
				SDKROOT = iphoneos;
				SWIFT_VERSION = 5.0;
				TARGETED_DEVICE_FAMILY = "1,2";
				TEST_TARGET_NAME = "sampletestapp (iOS)";
				VALIDATE_PRODUCT = YES;
			};
			name = Release;
		};
		04FE6C3726A4B8F00069CAC2 /* Debug */ = {
			isa = XCBuildConfiguration;
			buildSettings = {
				ALWAYS_EMBED_SWIFT_STANDARD_LIBRARIES = YES;
				CODE_SIGN_STYLE = Automatic;
				COMBINE_HIDPI_IMAGES = YES;
				INFOPLIST_FILE = "Tests macOS/Info.plist";
				LD_RUNPATH_SEARCH_PATHS = (
					"$(inherited)",
					"@executable_path/../Frameworks",
					"@loader_path/../Frameworks",
				);
				MACOSX_DEPLOYMENT_TARGET = 11.3;
				PRODUCT_BUNDLE_IDENTIFIER = "hopin.Tests-macOS";
				PRODUCT_NAME = "$(TARGET_NAME)";
				SDKROOT = macosx;
				SWIFT_VERSION = 5.0;
				TEST_TARGET_NAME = "sampletestapp (macOS)";
			};
			name = Debug;
		};
		04FE6C3826A4B8F00069CAC2 /* Release */ = {
			isa = XCBuildConfiguration;
			buildSettings = {
				ALWAYS_EMBED_SWIFT_STANDARD_LIBRARIES = YES;
				CODE_SIGN_STYLE = Automatic;
				COMBINE_HIDPI_IMAGES = YES;
				INFOPLIST_FILE = "Tests macOS/Info.plist";
				LD_RUNPATH_SEARCH_PATHS = (
					"$(inherited)",
					"@executable_path/../Frameworks",
					"@loader_path/../Frameworks",
				);
				MACOSX_DEPLOYMENT_TARGET = 11.3;
				PRODUCT_BUNDLE_IDENTIFIER = "hopin.Tests-macOS";
				PRODUCT_NAME = "$(TARGET_NAME)";
				SDKROOT = macosx;
				SWIFT_VERSION = 5.0;
				TEST_TARGET_NAME = "sampletestapp (macOS)";
			};
			name = Release;
		};
/* End XCBuildConfiguration section */

/* Begin XCConfigurationList section */
		04FE6BFA26A4B8EC0069CAC2 /* Build configuration list for PBXProject "sampletestapp" */ = {
			isa = XCConfigurationList;
			buildConfigurations = (
				04FE6C2B26A4B8F00069CAC2 /* Debug */,
				04FE6C2C26A4B8F00069CAC2 /* Release */,
			);
			defaultConfigurationIsVisible = 0;
			defaultConfigurationName = Release;
		};
		04FE6C2D26A4B8F00069CAC2 /* Build configuration list for PBXNativeTarget "sampletestapp (iOS)" */ = {
			isa = XCConfigurationList;
			buildConfigurations = (
				04FE6C2E26A4B8F00069CAC2 /* Debug */,
				04FE6C2F26A4B8F00069CAC2 /* Release */,
			);
			defaultConfigurationIsVisible = 0;
			defaultConfigurationName = Release;
		};
		04FE6C3026A4B8F00069CAC2 /* Build configuration list for PBXNativeTarget "sampletestapp (macOS)" */ = {
			isa = XCConfigurationList;
			buildConfigurations = (
				04FE6C3126A4B8F00069CAC2 /* Debug */,
				04FE6C3226A4B8F00069CAC2 /* Release */,
			);
			defaultConfigurationIsVisible = 0;
			defaultConfigurationName = Release;
		};
		04FE6C3326A4B8F00069CAC2 /* Build configuration list for PBXNativeTarget "Tests iOS" */ = {
			isa = XCConfigurationList;
			buildConfigurations = (
				04FE6C3426A4B8F00069CAC2 /* Debug */,
				04FE6C3526A4B8F00069CAC2 /* Release */,
			);
			defaultConfigurationIsVisible = 0;
			defaultConfigurationName = Release;
		};
		04FE6C3626A4B8F00069CAC2 /* Build configuration list for PBXNativeTarget "Tests macOS" */ = {
			isa = XCConfigurationList;
			buildConfigurations = (
				04FE6C3726A4B8F00069CAC2 /* Debug */,
				04FE6C3826A4B8F00069CAC2 /* Release */,
			);
			defaultConfigurationIsVisible = 0;
			defaultConfigurationName = Release;
		};
/* End XCConfigurationList section */
	};
	rootObject = 04FE6BF726A4B8EC0069CAC2 /* Project object */;
}
